Microsoft Visual Studio Solution File, Format Version 12.00
# Visual Studio Version 17
VisualStudioVersion = 17.5.2.0
MinimumVisualStudioVersion = 10.0.40219.1
Project("{2150E333-8FDC-42A3-9474-1A3956D46DE8}") = "src", "src", "{827E0CD3-B72D-47B6-A68D-7590B98EB39B}"
EndProject
Project("{2150E333-8FDC-42A3-9474-1A3956D46DE8}") = "alternative-bots", "alternative-bots", "{A3963A42-BA02-1665-FEE3-9A6867D26CB0}"
EndProject
Project("{FAE04EC0-301F-11D3-BF4B-00C04F79EFBC}") = "Roma3000", "src\alternative-bots\Roma3000\Roma3000.csproj", "{F0C99C1C-A9AD-6700-8861-CE78C687A624}"
EndProject
Project("{FAE04EC0-301F-11D3-BF4B-00C04F79EFBC}") = "ScoobyLuicy", "src\alternative-bots\ScoobyLuicy\ScoobyLuicy.csproj", "{7355D282-91FC-0B2C-5FBE-ADF4D5AAF0B2}"
EndProject
Project("{FAE04EC0-301F-11D3-BF4B-00C04F79EFBC}") = "ScoobyShadowBot", "src\alternative-bots\ScoobyShadowBot\ScoobyShadowBot.csproj", "{908D996D-A727-886F-6557-766A881A59AB}"
EndProject
Project("{2150E333-8FDC-42A3-9474-1A3956D46DE8}") = "main-bot", "main-bot", "{4FCDFDB7-A417-3C3F-0910-8A045F02A9B3}"
EndProject
Project("{FAE04EC0-301F-11D3-BF4B-00C04F79EFBC}") = "ScoobyGodBot", "src\main-bot\ScoobyGodBot\ScoobyGodBot.csproj", "{24CE49C7-EA42-7346-0ABA-A658F3E1D160}"
EndProject
Global
	GlobalSection(SolutionConfigurationPlatforms) = preSolution
		Debug|Any CPU = Debug|Any CPU
		Release|Any CPU = Release|Any CPU
	EndGlobalSection
	GlobalSection(ProjectConfigurationPlatforms) = postSolution
		{F0C99C1C-A9AD-6700-8861-CE78C687A624}.Debug|Any CPU.ActiveCfg = Debug|Any CPU
		{F0C99C1C-A9AD-6700-8861-CE78C687A624}.Debug|Any CPU.Build.0 = Debug|Any CPU
		{F0C99C1C-A9AD-6700-8861-CE78C687A624}.Release|Any CPU.ActiveCfg = Release|Any CPU
		{F0C99C1C-A9AD-6700-8861-CE78C687A624}.Release|Any CPU.Build.0 = Release|Any CPU
		{7355D282-91FC-0B2C-5FBE-ADF4D5AAF0B2}.Debug|Any CPU.ActiveCfg = Debug|Any CPU
		{7355D282-91FC-0B2C-5FBE-ADF4D5AAF0B2}.Debug|Any CPU.Build.0 = Debug|Any CPU
		{7355D282-91FC-0B2C-5FBE-ADF4D5AAF0B2}.Release|Any CPU.ActiveCfg = Release|Any CPU
		{7355D282-91FC-0B2C-5FBE-ADF4D5AAF0B2}.Release|Any CPU.Build.0 = Release|Any CPU
		{908D996D-A727-886F-6557-766A881A59AB}.Debug|Any CPU.ActiveCfg = Debug|Any CPU
		{908D996D-A727-886F-6557-766A881A59AB}.Debug|Any CPU.Build.0 = Debug|Any CPU
		{908D996D-A727-886F-6557-766A881A59AB}.Release|Any CPU.ActiveCfg = Release|Any CPU
		{908D996D-A727-886F-6557-766A881A59AB}.Release|Any CPU.Build.0 = Release|Any CPU
		{24CE49C7-EA42-7346-0ABA-A658F3E1D160}.Debug|Any CPU.ActiveCfg = Debug|Any CPU
		{24CE49C7-EA42-7346-0ABA-A658F3E1D160}.Debug|Any CPU.Build.0 = Debug|Any CPU
		{24CE49C7-EA42-7346-0ABA-A658F3E1D160}.Release|Any CPU.ActiveCfg = Release|Any CPU
		{24CE49C7-EA42-7346-0ABA-A658F3E1D160}.Release|Any CPU.Build.0 = Release|Any CPU
	EndGlobalSection
	GlobalSection(SolutionProperties) = preSolution
		HideSolutionNode = FALSE
	EndGlobalSection
	GlobalSection(NestedProjects) = preSolution
		{A3963A42-BA02-1665-FEE3-9A6867D26CB0} = {827E0CD3-B72D-47B6-A68D-7590B98EB39B}
		{F0C99C1C-A9AD-6700-8861-CE78C687A624} = {A3963A42-BA02-1665-FEE3-9A6867D26CB0}
		{7355D282-91FC-0B2C-5FBE-ADF4D5AAF0B2} = {A3963A42-BA02-1665-FEE3-9A6867D26CB0}
		{908D996D-A727-886F-6557-766A881A59AB} = {A3963A42-BA02-1665-FEE3-9A6867D26CB0}
		{4FCDFDB7-A417-3C3F-0910-8A045F02A9B3} = {827E0CD3-B72D-47B6-A68D-7590B98EB39B}
		{24CE49C7-EA42-7346-0ABA-A658F3E1D160} = {4FCDFDB7-A417-3C3F-0910-8A045F02A9B3}
	EndGlobalSection
	GlobalSection(ExtensibilityGlobals) = postSolution
		SolutionGuid = {BB169730-A50A-47BC-B923-1ECD5E4F8EEF}
	EndGlobalSection
EndGlobal
